{
  "version": 4,
  "terraform_version": "0.12.24",
  "serial": 54,
  "lineage": "af09aa5a-c1c6-085f-df1a-5f53acf6c7ed",
  "outputs": {},
  "resources": [
    {
      "mode": "data",
      "type": "google_compute_image",
      "name": "debian_9",
      "provider": "provider.google",
      "instances": [
        {
          "schema_version": 0,
          "attributes": {
            "archive_size_bytes": 1553625216,
            "creation_timestamp": "2020-04-20T12:14:34.136-07:00",
            "description": "Debian, Debian GNU/Linux, 9 (stretch), amd64 built on 20200420",
            "disk_size_gb": 10,
            "family": "debian-9",
            "id": "debian-cloud/family/debian-9",
            "image_encryption_key_sha256": "",
            "image_id": "8319114915905292918",
            "label_fingerprint": "42WmSpB8rSM=",
            "labels": {},
            "licenses": [
              "https://www.googleapis.com/compute/v1/projects/debian-cloud/global/licenses/debian-9-stretch"
            ],
            "name": "debian-9-stretch-v20200420",
            "project": "debian-cloud",
            "self_link": "https://www.googleapis.com/compute/v1/projects/debian-cloud/global/images/debian-9-stretch-v20200420",
            "source_disk": "",
            "source_disk_encryption_key_sha256": "",
            "source_disk_id": "",
            "source_image_id": "",
            "status": "READY"
          }
        }
      ]
    },
    {
      "mode": "managed",
      "type": "google_compute_autoscaler",
      "name": "diskusage",
      "provider": "provider.google",
      "instances": [
        {
          "schema_version": 0,
          "attributes": {
            "autoscaling_policy": [
              {
                "cooldown_period": 15,
                "cpu_utilization": [
                  {
                    "target": 0.7
                  }
                ],
                "load_balancing_utilization": [],
                "max_replicas": 6,
                "metric": [],
                "min_replicas": 1
              }
            ],
            "creation_timestamp": "2020-04-26T21:18:17.779-07:00",
            "description": "",
            "id": "projects/dataproc-274104/zones/us-central1-f/autoscalers/my-autoscaler",
            "name": "my-autoscaler",
            "project": "dataproc-274104",
            "self_link": "https://www.googleapis.com/compute/v1/projects/dataproc-274104/zones/us-central1-f/autoscalers/my-autoscaler",
            "target": "https://www.googleapis.com/compute/v1/projects/dataproc-274104/zones/us-central1-f/instanceGroupManagers/my-igm",
            "timeouts": null,
            "zone": "https://www.googleapis.com/compute/v1/projects/dataproc-274104/zones/us-central1-f"
          },
          "private": "eyJlMmJmYjczMC1lY2FhLTExZTYtOGY4OC0zNDM2M2JjN2M0YzAiOnsiY3JlYXRlIjoyNDAwMDAwMDAwMDAsImRlbGV0ZSI6MjQwMDAwMDAwMDAwLCJ1cGRhdGUiOjI0MDAwMDAwMDAwMH19",
          "dependencies": [
            "google_compute_instance_group_manager.diskusage",
            "google_compute_instance_template.diskusage",
            "google_compute_target_pool.diskusage"
          ]
        }
      ]
    },
    {
      "mode": "managed",
      "type": "google_compute_instance_group_manager",
      "name": "diskusage",
      "provider": "provider.google",
      "instances": [
        {
          "schema_version": 0,
          "attributes": {
            "auto_healing_policies": [],
            "base_instance_name": "diskusage",
            "description": "",
            "fingerprint": "9TTcgdr0tnw=",
            "id": "projects/dataproc-274104/zones/us-central1-f/instanceGroupManagers/my-igm",
            "instance_group": "https://www.googleapis.com/compute/v1/projects/dataproc-274104/zones/us-central1-f/instanceGroups/my-igm",
            "instance_template": null,
            "name": "my-igm",
            "named_port": [],
            "project": "dataproc-274104",
            "self_link": "https://www.googleapis.com/compute/v1/projects/dataproc-274104/zones/us-central1-f/instanceGroupManagers/my-igm",
            "target_pools": [
              "projects/dataproc-274104/regions/us-central1/targetPools/my-target-pool"
            ],
            "target_size": 0,
            "timeouts": null,
            "update_policy": [
              {
                "max_surge_fixed": 1,
                "max_surge_percent": 0,
                "max_unavailable_fixed": 1,
                "max_unavailable_percent": 0,
                "min_ready_sec": 0,
                "minimal_action": "REPLACE",
                "type": "OPPORTUNISTIC"
              }
            ],
            "update_strategy": null,
            "version": [
              {
                "instance_template": "https://www.googleapis.com/compute/v1/projects/dataproc-274104/global/instanceTemplates/my-instance-template",
                "name": "primary",
                "target_size": []
              }
            ],
            "wait_for_instances": false,
            "zone": "us-central1-f"
          },
          "private": "eyJlMmJmYjczMC1lY2FhLTExZTYtOGY4OC0zNDM2M2JjN2M0YzAiOnsiY3JlYXRlIjozMDAwMDAwMDAwMDAsImRlbGV0ZSI6OTAwMDAwMDAwMDAwLCJ1cGRhdGUiOjMwMDAwMDAwMDAwMH19",
          "dependencies": [
            "google_compute_instance_template.diskusage",
            "google_compute_target_pool.diskusage"
          ]
        }
      ]
    },
    {
      "mode": "managed",
      "type": "google_compute_instance_template",
      "name": "diskusage",
      "provider": "provider.google",
      "instances": [
        {
          "schema_version": 1,
          "attributes": {
            "can_ip_forward": false,
            "description": "",
            "disk": [
              {
                "auto_delete": true,
                "boot": true,
                "device_name": "persistent-disk-0",
                "disk_encryption_key": [],
                "disk_name": "",
                "disk_size_gb": 0,
                "disk_type": "pd-standard",
                "interface": "SCSI",
                "labels": null,
                "mode": "READ_WRITE",
                "source": "",
                "source_image": "projects/debian-cloud/global/images/debian-9-stretch-v20200420",
                "type": "PERSISTENT"
              }
            ],
            "enable_display": null,
            "guest_accelerator": [],
            "id": "projects/dataproc-274104/global/instanceTemplates/my-instance-template",
            "instance_description": "",
            "labels": null,
            "machine_type": "n1-standard-1",
            "metadata": {
              "foo": "bar"
            },
            "metadata_fingerprint": "26uYTjz-aMo=",
            "metadata_startup_script": null,
            "min_cpu_platform": "",
            "name": "my-instance-template",
            "name_prefix": null,
            "network_interface": [
              {
                "access_config": [],
                "alias_ip_range": [],
                "name": "",
                "network": "https://www.googleapis.com/compute/v1/projects/dataproc-274104/global/networks/default",
                "network_ip": "",
                "subnetwork": "",
                "subnetwork_project": ""
              }
            ],
            "project": "dataproc-274104",
            "region": null,
            "scheduling": [
              {
                "automatic_restart": true,
                "node_affinities": [],
                "on_host_maintenance": "MIGRATE",
                "preemptible": false
              }
            ],
            "self_link": "https://www.googleapis.com/compute/beta/projects/dataproc-274104/global/instanceTemplates/my-instance-template",
            "service_account": [
              {
                "email": "default",
                "scopes": [
                  "https://www.googleapis.com/auth/compute.readonly",
                  "https://www.googleapis.com/auth/devstorage.read_only",
                  "https://www.googleapis.com/auth/userinfo.email"
                ]
              }
            ],
            "shielded_instance_config": [],
            "tags": [
              "bar",
              "foo"
            ],
            "tags_fingerprint": ""
          },
          "private": "eyJzY2hlbWFfdmVyc2lvbiI6IjEifQ=="
        }
      ]
    },
    {
      "mode": "managed",
      "type": "google_compute_target_pool",
      "name": "diskusage",
      "provider": "provider.google",
      "instances": [
        {
          "schema_version": 0,
          "attributes": {
            "backup_pool": "",
            "description": "",
            "failover_ratio": 0,
            "health_checks": null,
            "id": "projects/dataproc-274104/regions/us-central1/targetPools/my-target-pool",
            "instances": [],
            "name": "my-target-pool",
            "project": "dataproc-274104",
            "region": "us-central1",
            "self_link": "https://www.googleapis.com/compute/v1/projects/dataproc-274104/regions/us-central1/targetPools/my-target-pool",
            "session_affinity": "NONE"
          },
          "private": "bnVsbA=="
        }
      ]
    }
  ]
}
