{
  "version": 4,
  "terraform_version": "0.12.24",
  "serial": 185,
  "lineage": "92af831d-1b64-3324-08c0-a2fdf92622ef",
  "outputs": {
    "pig_status": {
      "value": "DONE",
      "type": "string"
    },
    "pyspark_status": {
      "value": "DONE",
      "type": "string"
    },
    "spark_status": {
      "value": "DONE",
      "type": "string"
    },
    "sparksql_status": {
      "value": "DONE",
      "type": "string"
    }
  },
  "resources": [
    {
      "mode": "managed",
      "type": "google_dataproc_autoscaling_policy",
      "name": "asp",
      "provider": "provider.google",
      "instances": [
        {
          "schema_version": 0,
          "attributes": {
            "basic_algorithm": [
              {
                "cooldown_period": "120s",
                "yarn_config": [
                  {
                    "graceful_decommission_timeout": "30s",
                    "scale_down_factor": 1,
                    "scale_down_min_worker_fraction": 0,
                    "scale_up_factor": 1,
                    "scale_up_min_worker_fraction": 0
                  }
                ]
              }
            ],
            "id": "projects/dataproc-274104/locations/us-central1/autoscalingPolicies/dataproc-policy",
            "location": "us-central1",
            "name": "projects/dataproc-274104/regions/us-central1/autoscalingPolicies/dataproc-policy",
            "policy_id": "dataproc-policy",
            "project": "dataproc-274104",
            "secondary_worker_config": [],
            "timeouts": null,
            "worker_config": [
              {
                "max_instances": 4,
                "min_instances": 2,
                "weight": 1
              }
            ]
          },
          "private": "eyJlMmJmYjczMC1lY2FhLTExZTYtOGY4OC0zNDM2M2JjN2M0YzAiOnsiY3JlYXRlIjoyNDAwMDAwMDAwMDAsImRlbGV0ZSI6MjQwMDAwMDAwMDAwLCJ1cGRhdGUiOjI0MDAwMDAwMDAwMH19"
        }
      ]
    },
    {
      "mode": "managed",
      "type": "google_dataproc_cluster",
      "name": "mycluster",
      "provider": "provider.google",
      "instances": [
        {
          "schema_version": 0,
          "attributes": {
            "cluster_config": [
              {
                "autoscaling_config": [
                  {
                    "policy_uri": "projects/dataproc-274104/regions/us-central1/autoscalingPolicies/dataproc-policy"
                  }
                ],
                "bucket": "dataproc-staging-us-central1-384169466982-1d4dapdl",
                "encryption_config": [],
                "gce_cluster_config": [
                  {
                    "internal_ip_only": false,
                    "metadata": null,
                    "network": "https://www.googleapis.com/compute/v1/projects/dataproc-274104/global/networks/default",
                    "service_account": "",
                    "service_account_scopes": [
                      "https://www.googleapis.com/auth/cloud.useraccounts.readonly",
                      "https://www.googleapis.com/auth/devstorage.read_write",
                      "https://www.googleapis.com/auth/logging.write",
                      "https://www.googleapis.com/auth/monitoring"
                    ],
                    "subnetwork": "",
                    "tags": [
                      "cluster",
                      "one-master-two-worker"
                    ],
                    "zone": "us-central1-c"
                  }
                ],
                "initialization_action": [],
                "master_config": [
                  {
                    "accelerators": [],
                    "disk_config": [
                      {
                        "boot_disk_size_gb": 15,
                        "boot_disk_type": "pd-standard",
                        "num_local_ssds": 0
                      }
                    ],
                    "image_uri": "https://www.googleapis.com/compute/v1/projects/cloud-dataproc/global/images/dataproc-1-3-deb9-20180824-000000-rc02",
                    "instance_names": [
                      "dproc-cluster-with-submit-job-m"
                    ],
                    "machine_type": "n1-standard-1",
                    "min_cpu_platform": "AUTOMATIC",
                    "num_instances": 1
                  }
                ],
                "preemptible_worker_config": [
                  {
                    "disk_config": [
                      {
                        "boot_disk_size_gb": null,
                        "boot_disk_type": null,
                        "num_local_ssds": null
                      }
                    ],
                    "instance_names": [],
                    "num_instances": 0
                  }
                ],
                "security_config": [],
                "software_config": [
                  {
                    "image_version": "1.3.7-deb9",
                    "optional_components": null,
                    "override_properties": null,
                    "properties": {
                      "capacity-scheduler:yarn.scheduler.capacity.root.default.ordering-policy": "fair",
                      "core:fs.gs.block.size": "134217728",
                      "core:fs.gs.metadata.cache.enable": "false",
                      "core:hadoop.ssl.enabled.protocols": "TLSv1,TLSv1.1,TLSv1.2",
                      "distcp:mapreduce.map.java.opts": "-Xmx576m",
                      "distcp:mapreduce.map.memory.mb": "768",
                      "distcp:mapreduce.reduce.java.opts": "-Xmx576m",
                      "distcp:mapreduce.reduce.memory.mb": "768",
                      "hdfs:dfs.datanode.address": "0.0.0.0:9866",
                      "hdfs:dfs.datanode.http.address": "0.0.0.0:9864",
                      "hdfs:dfs.datanode.https.address": "0.0.0.0:9865",
                      "hdfs:dfs.datanode.ipc.address": "0.0.0.0:9867",
                      "hdfs:dfs.namenode.handler.count": "20",
                      "hdfs:dfs.namenode.http-address": "0.0.0.0:9870",
                      "hdfs:dfs.namenode.https-address": "0.0.0.0:9871",
                      "hdfs:dfs.namenode.lifeline.rpc-address": "dproc-cluster-with-submit-job-m:8050",
                      "hdfs:dfs.namenode.secondary.http-address": "0.0.0.0:9868",
                      "hdfs:dfs.namenode.secondary.https-address": "0.0.0.0:9869",
                      "hdfs:dfs.namenode.service.handler.count": "10",
                      "hdfs:dfs.namenode.servicerpc-address": "dproc-cluster-with-submit-job-m:8051",
                      "mapred-env:HADOOP_JOB_HISTORYSERVER_HEAPSIZE": "1000",
                      "mapred:mapreduce.job.maps": "15",
                      "mapred:mapreduce.job.reduce.slowstart.completedmaps": "0.95",
                      "mapred:mapreduce.job.reduces": "2",
                      "mapred:mapreduce.map.cpu.vcores": "1",
                      "mapred:mapreduce.map.java.opts": "-Xmx819m",
                      "mapred:mapreduce.map.maxattempts": "10",
                      "mapred:mapreduce.map.memory.mb": "1024",
                      "mapred:mapreduce.reduce.cpu.vcores": "1",
                      "mapred:mapreduce.reduce.java.opts": "-Xmx1638m",
                      "mapred:mapreduce.reduce.maxattempts": "10",
                      "mapred:mapreduce.reduce.memory.mb": "2048",
                      "mapred:mapreduce.task.io.sort.mb": "256",
                      "mapred:yarn.app.mapreduce.am.command-opts": "-Xmx819m",
                      "mapred:yarn.app.mapreduce.am.resource.cpu-vcores": "1",
                      "mapred:yarn.app.mapreduce.am.resource.mb": "1024",
                      "spark-env:SPARK_DAEMON_MEMORY": "1000m",
                      "spark:spark.driver.maxResultSize": "480m",
                      "spark:spark.driver.memory": "960m",
                      "spark:spark.executor.cores": "1",
                      "spark:spark.executor.instances": "2",
                      "spark:spark.executor.memory": "2688m",
                      "spark:spark.executorEnv.OPENBLAS_NUM_THREADS": "1",
                      "spark:spark.scheduler.mode": "FAIR",
                      "spark:spark.sql.cbo.enabled": "true",
                      "spark:spark.stage.maxConsecutiveAttempts": "10",
                      "spark:spark.task.maxFailures": "10",
                      "spark:spark.yarn.am.attemptFailuresValidityInterval": "1h",
                      "spark:spark.yarn.am.memory": "640m",
                      "spark:spark.yarn.executor.failuresValidityInterval": "1h",
                      "yarn-env:YARN_NODEMANAGER_HEAPSIZE": "1000",
                      "yarn-env:YARN_RESOURCEMANAGER_HEAPSIZE": "1000",
                      "yarn-env:YARN_TIMELINESERVER_HEAPSIZE": "1000",
                      "yarn:yarn.nodemanager.resource.memory-mb": "3072",
                      "yarn:yarn.resourcemanager.am.max-attempts": "10",
                      "yarn:yarn.resourcemanager.nodemanager-graceful-decommission-timeout-secs": "86400",
                      "yarn:yarn.scheduler.maximum-allocation-mb": "3072",
                      "yarn:yarn.scheduler.minimum-allocation-mb": "256"
                    }
                  }
                ],
                "staging_bucket": "",
                "worker_config": [
                  {
                    "accelerators": [],
                    "disk_config": [
                      {
                        "boot_disk_size_gb": 15,
                        "boot_disk_type": "pd-standard",
                        "num_local_ssds": 0
                      }
                    ],
                    "image_uri": "https://www.googleapis.com/compute/v1/projects/cloud-dataproc/global/images/dataproc-1-3-deb9-20180824-000000-rc02",
                    "instance_names": [
                      "dproc-cluster-with-submit-job-w-0",
                      "dproc-cluster-with-submit-job-w-1"
                    ],
                    "machine_type": "n1-standard-1",
                    "min_cpu_platform": "AUTOMATIC",
                    "num_instances": 2
                  }
                ]
              }
            ],
            "id": "projects/dataproc-274104/regions/us-central1/clusters/dproc-cluster-with-submit-job",
            "labels": {
              "goog-dataproc-cluster-name": "dproc-cluster-with-submit-job",
              "goog-dataproc-cluster-uuid": "6ad83a7c-0dbb-46da-81ce-808b883f5508",
              "goog-dataproc-location": "us-central1"
            },
            "name": "dproc-cluster-with-submit-job",
            "project": "dataproc-274104",
            "region": "us-central1",
            "timeouts": null
          },
          "private": "eyJlMmJmYjczMC1lY2FhLTExZTYtOGY4OC0zNDM2M2JjN2M0YzAiOnsiY3JlYXRlIjoxMjAwMDAwMDAwMDAwLCJkZWxldGUiOjEyMDAwMDAwMDAwMDAsInVwZGF0ZSI6MTIwMDAwMDAwMDAwMH19",
          "dependencies": [
            "google_dataproc_autoscaling_policy.asp"
          ]
        }
      ]
    },
    {
      "mode": "managed",
      "type": "google_dataproc_job",
      "name": "pig",
      "provider": "provider.google",
      "instances": [
        {
          "schema_version": 0,
          "attributes": {
            "driver_controls_files_uri": "gs://dataproc-staging-us-central1-384169466982-1d4dapdl/google-cloud-dataproc-metainfo/6ad83a7c-0dbb-46da-81ce-808b883f5508/jobs/e052332c-c16a-48b1-9803-80f72c51325b/",
            "driver_output_resource_uri": "gs://dataproc-staging-us-central1-384169466982-1d4dapdl/google-cloud-dataproc-metainfo/6ad83a7c-0dbb-46da-81ce-808b883f5508/jobs/e052332c-c16a-48b1-9803-80f72c51325b/driveroutput",
            "force_delete": true,
            "hadoop_config": [],
            "hive_config": [],
            "id": "projects/dataproc-274104/regions/us-central1/jobs/e052332c-c16a-48b1-9803-80f72c51325b",
            "labels": null,
            "pig_config": [
              {
                "continue_on_failure": false,
                "jar_file_uris": null,
                "logging_config": [],
                "properties": null,
                "query_file_uri": "",
                "query_list": [
                  "LNS = LOAD 'file:///usr/lib/pig/LICENSE.txt ' AS (line)",
                  "WORDS = FOREACH LNS GENERATE FLATTEN(TOKENIZE(line)) AS word",
                  "GROUPS = GROUP WORDS BY word",
                  "WORD_COUNTS = FOREACH GROUPS GENERATE group, COUNT(WORDS)",
                  "DUMP WORD_COUNTS"
                ],
                "script_variables": null
              }
            ],
            "placement": [
              {
                "cluster_name": "dproc-cluster-with-submit-job",
                "cluster_uuid": "6ad83a7c-0dbb-46da-81ce-808b883f5508"
              }
            ],
            "project": "dataproc-274104",
            "pyspark_config": [],
            "reference": [
              {
                "job_id": "e052332c-c16a-48b1-9803-80f72c51325b"
              }
            ],
            "region": "us-central1",
            "scheduling": [],
            "spark_config": [],
            "sparksql_config": [],
            "status": [
              {
                "details": "",
                "state": "DONE",
                "state_start_time": "2020-04-30T10:54:06.663Z",
                "substate": ""
              }
            ],
            "timeouts": null
          },
          "private": "eyJlMmJmYjczMC1lY2FhLTExZTYtOGY4OC0zNDM2M2JjN2M0YzAiOnsiY3JlYXRlIjoxMjAwMDAwMDAwMDAwLCJkZWxldGUiOjEyMDAwMDAwMDAwMDB9fQ==",
          "dependencies": [
            "google_dataproc_autoscaling_policy.asp",
            "google_dataproc_cluster.mycluster"
          ]
        }
      ]
    },
    {
      "mode": "managed",
      "type": "google_dataproc_job",
      "name": "pyspark",
      "provider": "provider.google",
      "instances": [
        {
          "schema_version": 0,
          "attributes": {
            "driver_controls_files_uri": "gs://dataproc-staging-us-central1-384169466982-1d4dapdl/google-cloud-dataproc-metainfo/6ad83a7c-0dbb-46da-81ce-808b883f5508/jobs/630d6e22-ab47-478c-82bb-047ed15c97b1/",
            "driver_output_resource_uri": "gs://dataproc-staging-us-central1-384169466982-1d4dapdl/google-cloud-dataproc-metainfo/6ad83a7c-0dbb-46da-81ce-808b883f5508/jobs/630d6e22-ab47-478c-82bb-047ed15c97b1/driveroutput",
            "force_delete": true,
            "hadoop_config": [],
            "hive_config": [],
            "id": "projects/dataproc-274104/regions/us-central1/jobs/630d6e22-ab47-478c-82bb-047ed15c97b1",
            "labels": null,
            "pig_config": [],
            "placement": [
              {
                "cluster_name": "dproc-cluster-with-submit-job",
                "cluster_uuid": "6ad83a7c-0dbb-46da-81ce-808b883f5508"
              }
            ],
            "project": "dataproc-274104",
            "pyspark_config": [
              {
                "archive_uris": null,
                "args": null,
                "file_uris": null,
                "jar_file_uris": null,
                "logging_config": [
                  {
                    "driver_log_levels": {}
                  }
                ],
                "main_python_file_uri": "gs://dataproc-examples-2f10d78d114f6aaec76462e3c310f31f/src/pyspark/hello-world/hello-world.py",
                "properties": {
                  "spark.logConf": "true"
                },
                "python_file_uris": null
              }
            ],
            "reference": [
              {
                "job_id": "630d6e22-ab47-478c-82bb-047ed15c97b1"
              }
            ],
            "region": "us-central1",
            "scheduling": [],
            "spark_config": [],
            "sparksql_config": [],
            "status": [
              {
                "details": "",
                "state": "DONE",
                "state_start_time": "2020-04-30T10:54:43.363Z",
                "substate": ""
              }
            ],
            "timeouts": null
          },
          "private": "eyJlMmJmYjczMC1lY2FhLTExZTYtOGY4OC0zNDM2M2JjN2M0YzAiOnsiY3JlYXRlIjoxMjAwMDAwMDAwMDAwLCJkZWxldGUiOjEyMDAwMDAwMDAwMDB9fQ==",
          "dependencies": [
            "google_dataproc_autoscaling_policy.asp",
            "google_dataproc_cluster.mycluster"
          ]
        }
      ]
    },
    {
      "mode": "managed",
      "type": "google_dataproc_job",
      "name": "spark",
      "provider": "provider.google",
      "instances": [
        {
          "schema_version": 0,
          "attributes": {
            "driver_controls_files_uri": "gs://dataproc-staging-us-central1-384169466982-1d4dapdl/google-cloud-dataproc-metainfo/6ad83a7c-0dbb-46da-81ce-808b883f5508/jobs/2db7ffca-14de-4e5c-858a-6ad2368b56f9/",
            "driver_output_resource_uri": "gs://dataproc-staging-us-central1-384169466982-1d4dapdl/google-cloud-dataproc-metainfo/6ad83a7c-0dbb-46da-81ce-808b883f5508/jobs/2db7ffca-14de-4e5c-858a-6ad2368b56f9/driveroutput",
            "force_delete": true,
            "hadoop_config": [],
            "hive_config": [],
            "id": "projects/dataproc-274104/regions/us-central1/jobs/2db7ffca-14de-4e5c-858a-6ad2368b56f9",
            "labels": null,
            "pig_config": [],
            "placement": [
              {
                "cluster_name": "dproc-cluster-with-submit-job",
                "cluster_uuid": "6ad83a7c-0dbb-46da-81ce-808b883f5508"
              }
            ],
            "project": "dataproc-274104",
            "pyspark_config": [],
            "reference": [
              {
                "job_id": "2db7ffca-14de-4e5c-858a-6ad2368b56f9"
              }
            ],
            "region": "us-central1",
            "scheduling": [],
            "spark_config": [
              {
                "archive_uris": null,
                "args": [
                  "10000"
                ],
                "file_uris": null,
                "jar_file_uris": [
                  "file:///usr/lib/spark/examples/jars/spark-examples.jar"
                ],
                "logging_config": [
                  {
                    "driver_log_levels": {
                      "root": "INFO"
                    }
                  }
                ],
                "main_class": "org.apache.spark.examples.SparkPi",
                "main_jar_file_uri": "",
                "properties": {
                  "spark.executor.memory": "2600m",
                  "spark.logConf": "true"
                }
              }
            ],
            "sparksql_config": [],
            "status": [
              {
                "details": "",
                "state": "DONE",
                "state_start_time": "2020-04-30T10:53:18.380Z",
                "substate": ""
              }
            ],
            "timeouts": null
          },
          "private": "eyJlMmJmYjczMC1lY2FhLTExZTYtOGY4OC0zNDM2M2JjN2M0YzAiOnsiY3JlYXRlIjoxMjAwMDAwMDAwMDAwLCJkZWxldGUiOjEyMDAwMDAwMDAwMDB9fQ==",
          "dependencies": [
            "google_dataproc_autoscaling_policy.asp",
            "google_dataproc_cluster.mycluster"
          ]
        }
      ]
    },
    {
      "mode": "managed",
      "type": "google_dataproc_job",
      "name": "sparksql",
      "provider": "provider.google",
      "instances": [
        {
          "schema_version": 0,
          "attributes": {
            "driver_controls_files_uri": "gs://dataproc-staging-us-central1-384169466982-1d4dapdl/google-cloud-dataproc-metainfo/6ad83a7c-0dbb-46da-81ce-808b883f5508/jobs/478338e6-9d19-4277-af2b-dc3956607200/",
            "driver_output_resource_uri": "gs://dataproc-staging-us-central1-384169466982-1d4dapdl/google-cloud-dataproc-metainfo/6ad83a7c-0dbb-46da-81ce-808b883f5508/jobs/478338e6-9d19-4277-af2b-dc3956607200/driveroutput",
            "force_delete": true,
            "hadoop_config": [],
            "hive_config": [],
            "id": "projects/dataproc-274104/regions/us-central1/jobs/478338e6-9d19-4277-af2b-dc3956607200",
            "labels": null,
            "pig_config": [],
            "placement": [
              {
                "cluster_name": "dproc-cluster-with-submit-job",
                "cluster_uuid": "6ad83a7c-0dbb-46da-81ce-808b883f5508"
              }
            ],
            "project": "dataproc-274104",
            "pyspark_config": [],
            "reference": [
              {
                "job_id": "478338e6-9d19-4277-af2b-dc3956607200"
              }
            ],
            "region": "us-central1",
            "scheduling": [],
            "spark_config": [],
            "sparksql_config": [
              {
                "jar_file_uris": null,
                "logging_config": [],
                "properties": null,
                "query_file_uri": "",
                "query_list": [
                  "DROP TABLE IF EXISTS dprocjob_test",
                  "CREATE TABLE dprocjob_test(bar int)",
                  "SELECT * FROM dprocjob_test WHERE bar \u003e 2"
                ],
                "script_variables": null
              }
            ],
            "status": [
              {
                "details": "",
                "state": "DONE",
                "state_start_time": "2020-04-30T10:51:33.368Z",
                "substate": ""
              }
            ],
            "timeouts": null
          },
          "private": "eyJlMmJmYjczMC1lY2FhLTExZTYtOGY4OC0zNDM2M2JjN2M0YzAiOnsiY3JlYXRlIjoxMjAwMDAwMDAwMDAwLCJkZWxldGUiOjEyMDAwMDAwMDAwMDB9fQ==",
          "dependencies": [
            "google_dataproc_autoscaling_policy.asp",
            "google_dataproc_cluster.mycluster"
          ]
        }
      ]
    }
  ]
}
