{
  "version": 4,
  "terraform_version": "0.12.24",
  "serial": 423,
  "lineage": "7887dde8-638b-34fa-670d-a23f0e0684db",
  "outputs": {
    "compute-vm-instance": {
      "value": "testvm",
      "type": "string"
    },
    "dataproc-cluster-zone": {
      "value": "us-central1-a",
      "type": "string"
    },
    "dataproc-gcp-project-id": {
      "value": "dataproc-274104",
      "type": "string"
    },
    "google_bigtable_instance_name": {
      "value": "bigtable-test",
      "type": "string"
    },
    "google_dataproc_cluster_autoscale_policy": {
      "value": "projects/dataproc-274104/locations/us-central1/autoscalingPolicies/dataproc-policy",
      "type": "string"
    },
    "google_dataproc_cluster_name": {
      "value": "dataproc-test",
      "type": "string"
    },
    "pig_status": {
      "value": "DONE",
      "type": "string"
    },
    "pyspark_status": {
      "value": "ERROR",
      "type": "string"
    },
    "spark_status": {
      "value": "DONE",
      "type": "string"
    },
    "sparksql_status": {
      "value": "DONE",
      "type": "string"
    }
  },
  "resources": [
    {
      "mode": "managed",
      "type": "google_bigtable_instance",
      "name": "development-instance",
      "provider": "provider.google",
      "instances": [
        {
          "schema_version": 0,
          "attributes": {
            "cluster": [
              {
                "cluster_id": "bigtable-cluste",
                "num_nodes": 1,
                "storage_type": "HDD",
                "zone": "us-central1-a"
              }
            ],
            "display_name": "bigtable-test",
            "id": "projects/dataproc-274104/instances/bigtable-test",
            "instance_type": "DEVELOPMENT",
            "name": "bigtable-test",
            "project": "dataproc-274104"
          },
          "private": "bnVsbA=="
        }
      ]
    },
    {
      "mode": "managed",
      "type": "google_compute_instance",
      "name": "vm",
      "provider": "provider.google",
      "instances": [
        {
          "schema_version": 6,
          "attributes": {
            "allow_stopping_for_update": null,
            "attached_disk": [],
            "boot_disk": [
              {
                "auto_delete": true,
                "device_name": "persistent-disk-0",
                "disk_encryption_key_raw": "",
                "disk_encryption_key_sha256": "",
                "initialize_params": [
                  {
                    "image": "https://www.googleapis.com/compute/v1/projects/debian-cloud/global/images/debian-9-stretch-v20200420",
                    "labels": {},
                    "size": 10,
                    "type": "pd-standard"
                  }
                ],
                "kms_key_self_link": "",
                "mode": "READ_WRITE",
                "source": "https://www.googleapis.com/compute/v1/projects/dataproc-274104/zones/us-central1-a/disks/testvm"
              }
            ],
            "can_ip_forward": false,
            "cpu_platform": "Intel Haswell",
            "current_status": "RUNNING",
            "deletion_protection": false,
            "description": "",
            "desired_status": null,
            "enable_display": false,
            "guest_accelerator": [],
            "hostname": "",
            "id": "projects/dataproc-274104/zones/us-central1-a/instances/testvm",
            "instance_id": "6946353281163422758",
            "label_fingerprint": "42WmSpB8rSM=",
            "labels": null,
            "machine_type": "f1-micro",
            "metadata": {
              "compute": "vm"
            },
            "metadata_fingerprint": "YLgrCH9XGyo=",
            "metadata_startup_script": "( echo testvm \u003e\u003e /info.txt; echo bigtable-test \u003e\u003e /info.txt; echo dataproc-test \u003e\u003e /info.txt )",
            "min_cpu_platform": "",
            "name": "testvm",
            "network_interface": [
              {
                "access_config": [
                  {
                    "nat_ip": "35.202.107.38",
                    "network_tier": "PREMIUM",
                    "public_ptr_domain_name": ""
                  }
                ],
                "alias_ip_range": [],
                "name": "nic0",
                "network": "https://www.googleapis.com/compute/v1/projects/dataproc-274104/global/networks/default",
                "network_ip": "10.128.0.55",
                "subnetwork": "https://www.googleapis.com/compute/v1/projects/dataproc-274104/regions/us-central1/subnetworks/default",
                "subnetwork_project": "dataproc-274104"
              }
            ],
            "project": "dataproc-274104",
            "resource_policies": null,
            "scheduling": [
              {
                "automatic_restart": true,
                "node_affinities": [],
                "on_host_maintenance": "MIGRATE",
                "preemptible": false
              }
            ],
            "scratch_disk": [],
            "self_link": "https://www.googleapis.com/compute/v1/projects/dataproc-274104/zones/us-central1-a/instances/testvm",
            "service_account": [
              {
                "email": "384169466982-compute@developer.gserviceaccount.com",
                "scopes": [
                  "https://www.googleapis.com/auth/compute.readonly",
                  "https://www.googleapis.com/auth/devstorage.read_only",
                  "https://www.googleapis.com/auth/userinfo.email"
                ]
              }
            ],
            "shielded_instance_config": [],
            "tags": [
              "compute",
              "vm"
            ],
            "tags_fingerprint": "2QvmIkIpd4k=",
            "timeouts": null,
            "zone": "us-central1-a"
          },
          "private": "eyJlMmJmYjczMC1lY2FhLTExZTYtOGY4OC0zNDM2M2JjN2M0YzAiOnsiY3JlYXRlIjoxMjAwMDAwMDAwMDAwLCJkZWxldGUiOjEyMDAwMDAwMDAwMDAsInVwZGF0ZSI6MTIwMDAwMDAwMDAwMH0sInNjaGVtYV92ZXJzaW9uIjoiNiJ9"
        }
      ]
    },
    {
      "mode": "managed",
      "type": "google_dataproc_autoscaling_policy",
      "name": "asp",
      "provider": "provider.google",
      "instances": [
        {
          "schema_version": 0,
          "attributes": {
            "basic_algorithm": [
              {
                "cooldown_period": "120s",
                "yarn_config": [
                  {
                    "graceful_decommission_timeout": "30s",
                    "scale_down_factor": 1,
                    "scale_down_min_worker_fraction": 0,
                    "scale_up_factor": 1,
                    "scale_up_min_worker_fraction": 0
                  }
                ]
              }
            ],
            "id": "projects/dataproc-274104/locations/us-central1/autoscalingPolicies/dataproc-policy",
            "location": "us-central1",
            "name": "projects/dataproc-274104/regions/us-central1/autoscalingPolicies/dataproc-policy",
            "policy_id": "dataproc-policy",
            "project": "dataproc-274104",
            "secondary_worker_config": [],
            "timeouts": null,
            "worker_config": [
              {
                "max_instances": 4,
                "min_instances": 2,
                "weight": 1
              }
            ]
          },
          "private": "eyJlMmJmYjczMC1lY2FhLTExZTYtOGY4OC0zNDM2M2JjN2M0YzAiOnsiY3JlYXRlIjoyNDAwMDAwMDAwMDAsImRlbGV0ZSI6MjQwMDAwMDAwMDAwLCJ1cGRhdGUiOjI0MDAwMDAwMDAwMH19"
        }
      ]
    },
    {
      "mode": "managed",
      "type": "google_dataproc_cluster",
      "name": "mydataproc",
      "provider": "provider.google",
      "instances": [
        {
          "schema_version": 0,
          "attributes": {
            "cluster_config": [
              {
                "autoscaling_config": [
                  {
                    "policy_uri": "projects/dataproc-274104/regions/us-central1/autoscalingPolicies/dataproc-policy"
                  }
                ],
                "bucket": "dataproc-staging-us-central1-384169466982-1d4dapdl",
                "encryption_config": [],
                "gce_cluster_config": [
                  {
                    "internal_ip_only": false,
                    "metadata": null,
                    "network": "https://www.googleapis.com/compute/v1/projects/dataproc-274104/global/networks/default",
                    "service_account": "",
                    "service_account_scopes": [
                      "https://www.googleapis.com/auth/cloud.useraccounts.readonly",
                      "https://www.googleapis.com/auth/devstorage.read_write",
                      "https://www.googleapis.com/auth/logging.write",
                      "https://www.googleapis.com/auth/monitoring"
                    ],
                    "subnetwork": "",
                    "tags": [
                      "cluster",
                      "dataproc"
                    ],
                    "zone": "us-central1-c"
                  }
                ],
                "initialization_action": [
                  {
                    "script": "gs://dataproc-initialization-actions/stackdriver/stackdriver.sh",
                    "timeout_sec": 500
                  }
                ],
                "master_config": [
                  {
                    "accelerators": [],
                    "disk_config": [
                      {
                        "boot_disk_size_gb": 15,
                        "boot_disk_type": "pd-standard",
                        "num_local_ssds": 0
                      }
                    ],
                    "image_uri": "https://www.googleapis.com/compute/v1/projects/cloud-dataproc/global/images/dataproc-1-4-deb9-20200409-000000-rc01",
                    "instance_names": [
                      "dataproc-test-m"
                    ],
                    "machine_type": "n1-standard-1",
                    "min_cpu_platform": "AUTOMATIC",
                    "num_instances": 1
                  }
                ],
                "preemptible_worker_config": [
                  {
                    "disk_config": [],
                    "instance_names": [],
                    "num_instances": 0
                  }
                ],
                "security_config": [],
                "software_config": [
                  {
                    "image_version": "1.4.27-debian9",
                    "optional_components": null,
                    "override_properties": {
                      "dataproc:dataproc.allow.zero.workers": "true"
                    },
                    "properties": {
                      "capacity-scheduler:yarn.scheduler.capacity.root.default.ordering-policy": "fair",
                      "core:fs.gs.block.size": "134217728",
                      "core:fs.gs.metadata.cache.enable": "false",
                      "core:hadoop.ssl.enabled.protocols": "TLSv1,TLSv1.1,TLSv1.2",
                      "dataproc:dataproc.allow.zero.workers": "true",
                      "distcp:mapreduce.map.java.opts": "-Xmx576m",
                      "distcp:mapreduce.map.memory.mb": "768",
                      "distcp:mapreduce.reduce.java.opts": "-Xmx576m",
                      "distcp:mapreduce.reduce.memory.mb": "768",
                      "hdfs:dfs.datanode.address": "0.0.0.0:9866",
                      "hdfs:dfs.datanode.http.address": "0.0.0.0:9864",
                      "hdfs:dfs.datanode.https.address": "0.0.0.0:9865",
                      "hdfs:dfs.datanode.ipc.address": "0.0.0.0:9867",
                      "hdfs:dfs.namenode.handler.count": "20",
                      "hdfs:dfs.namenode.http-address": "0.0.0.0:9870",
                      "hdfs:dfs.namenode.https-address": "0.0.0.0:9871",
                      "hdfs:dfs.namenode.lifeline.rpc-address": "dataproc-test-m:8050",
                      "hdfs:dfs.namenode.secondary.http-address": "0.0.0.0:9868",
                      "hdfs:dfs.namenode.secondary.https-address": "0.0.0.0:9869",
                      "hdfs:dfs.namenode.service.handler.count": "10",
                      "hdfs:dfs.namenode.servicerpc-address": "dataproc-test-m:8051",
                      "mapred-env:HADOOP_JOB_HISTORYSERVER_HEAPSIZE": "1000",
                      "mapred:mapreduce.job.maps": "15",
                      "mapred:mapreduce.job.reduce.slowstart.completedmaps": "0.95",
                      "mapred:mapreduce.job.reduces": "2",
                      "mapred:mapreduce.map.cpu.vcores": "1",
                      "mapred:mapreduce.map.java.opts": "-Xmx819m",
                      "mapred:mapreduce.map.maxattempts": "10",
                      "mapred:mapreduce.map.memory.mb": "1024",
                      "mapred:mapreduce.reduce.cpu.vcores": "1",
                      "mapred:mapreduce.reduce.java.opts": "-Xmx1638m",
                      "mapred:mapreduce.reduce.maxattempts": "10",
                      "mapred:mapreduce.reduce.memory.mb": "2048",
                      "mapred:mapreduce.task.io.sort.mb": "256",
                      "mapred:yarn.app.mapreduce.am.command-opts": "-Xmx819m",
                      "mapred:yarn.app.mapreduce.am.resource.cpu-vcores": "1",
                      "mapred:yarn.app.mapreduce.am.resource.mb": "1024",
                      "spark-env:SPARK_DAEMON_MEMORY": "1000m",
                      "spark:spark.driver.maxResultSize": "480m",
                      "spark:spark.driver.memory": "960m",
                      "spark:spark.executor.cores": "1",
                      "spark:spark.executor.instances": "2",
                      "spark:spark.executor.memory": "2688m",
                      "spark:spark.executorEnv.OPENBLAS_NUM_THREADS": "1",
                      "spark:spark.scheduler.mode": "FAIR",
                      "spark:spark.sql.cbo.enabled": "true",
                      "spark:spark.stage.maxConsecutiveAttempts": "10",
                      "spark:spark.task.maxFailures": "10",
                      "spark:spark.yarn.am.attemptFailuresValidityInterval": "1h",
                      "spark:spark.yarn.am.memory": "640m",
                      "spark:spark.yarn.executor.failuresValidityInterval": "1h",
                      "yarn-env:YARN_NODEMANAGER_HEAPSIZE": "1000",
                      "yarn-env:YARN_RESOURCEMANAGER_HEAPSIZE": "1000",
                      "yarn-env:YARN_TIMELINESERVER_HEAPSIZE": "1000",
                      "yarn:yarn.nodemanager.resource.memory-mb": "3072",
                      "yarn:yarn.resourcemanager.am.max-attempts": "10",
                      "yarn:yarn.resourcemanager.nodemanager-graceful-decommission-timeout-secs": "86400",
                      "yarn:yarn.scheduler.maximum-allocation-mb": "3072",
                      "yarn:yarn.scheduler.minimum-allocation-mb": "256"
                    }
                  }
                ],
                "staging_bucket": "",
                "worker_config": [
                  {
                    "accelerators": [],
                    "disk_config": [
                      {
                        "boot_disk_size_gb": 15,
                        "boot_disk_type": "pd-standard",
                        "num_local_ssds": 0
                      }
                    ],
                    "image_uri": "https://www.googleapis.com/compute/v1/projects/cloud-dataproc/global/images/dataproc-1-4-deb9-20200409-000000-rc01",
                    "instance_names": [
                      "dataproc-test-w-0",
                      "dataproc-test-w-1"
                    ],
                    "machine_type": "n1-standard-1",
                    "min_cpu_platform": "AUTOMATIC",
                    "num_instances": 2
                  }
                ]
              }
            ],
            "id": "projects/dataproc-274104/regions/us-central1/clusters/dataproc-test",
            "labels": {
              "dataproc": "cluster",
              "goog-dataproc-cluster-name": "dataproc-test",
              "goog-dataproc-cluster-uuid": "c751bc68-40e7-42bd-9bb8-5d4bd9deca7c",
              "goog-dataproc-location": "us-central1"
            },
            "name": "dataproc-test",
            "project": "dataproc-274104",
            "region": "us-central1",
            "timeouts": null
          },
          "private": "eyJlMmJmYjczMC1lY2FhLTExZTYtOGY4OC0zNDM2M2JjN2M0YzAiOnsiY3JlYXRlIjoxMjAwMDAwMDAwMDAwLCJkZWxldGUiOjEyMDAwMDAwMDAwMDAsInVwZGF0ZSI6MTIwMDAwMDAwMDAwMH19",
          "dependencies": [
            "google_dataproc_autoscaling_policy.asp"
          ]
        }
      ]
    },
    {
      "mode": "managed",
      "type": "google_dataproc_job",
      "name": "pig",
      "provider": "provider.google",
      "instances": [
        {
          "schema_version": 0,
          "attributes": {
            "driver_controls_files_uri": "gs://dataproc-staging-us-central1-384169466982-1d4dapdl/google-cloud-dataproc-metainfo/c751bc68-40e7-42bd-9bb8-5d4bd9deca7c/jobs/9f332c82-24ab-43c3-8616-a466ac715ff4/",
            "driver_output_resource_uri": "gs://dataproc-staging-us-central1-384169466982-1d4dapdl/google-cloud-dataproc-metainfo/c751bc68-40e7-42bd-9bb8-5d4bd9deca7c/jobs/9f332c82-24ab-43c3-8616-a466ac715ff4/driveroutput",
            "force_delete": true,
            "hadoop_config": [],
            "hive_config": [],
            "id": "projects/dataproc-274104/regions/us-central1/jobs/9f332c82-24ab-43c3-8616-a466ac715ff4",
            "labels": null,
            "pig_config": [
              {
                "continue_on_failure": false,
                "jar_file_uris": null,
                "logging_config": [],
                "properties": null,
                "query_file_uri": "",
                "query_list": [
                  "LNS = LOAD 'file:///usr/lib/pig/LICENSE.txt ' AS (line)",
                  "WORDS = FOREACH LNS GENERATE FLATTEN(TOKENIZE(line)) AS word",
                  "GROUPS = GROUP WORDS BY word",
                  "WORD_COUNTS = FOREACH GROUPS GENERATE group, COUNT(WORDS)",
                  "DUMP WORD_COUNTS"
                ],
                "script_variables": null
              }
            ],
            "placement": [
              {
                "cluster_name": "dataproc-test",
                "cluster_uuid": "c751bc68-40e7-42bd-9bb8-5d4bd9deca7c"
              }
            ],
            "project": "dataproc-274104",
            "pyspark_config": [],
            "reference": [
              {
                "job_id": "9f332c82-24ab-43c3-8616-a466ac715ff4"
              }
            ],
            "region": "us-central1",
            "scheduling": [],
            "spark_config": [],
            "sparksql_config": [],
            "status": [
              {
                "details": "",
                "state": "DONE",
                "state_start_time": "2020-05-05T02:47:41.857Z",
                "substate": ""
              }
            ],
            "timeouts": null
          },
          "private": "eyJlMmJmYjczMC1lY2FhLTExZTYtOGY4OC0zNDM2M2JjN2M0YzAiOnsiY3JlYXRlIjoxMjAwMDAwMDAwMDAwLCJkZWxldGUiOjEyMDAwMDAwMDAwMDB9fQ==",
          "dependencies": [
            "google_dataproc_autoscaling_policy.asp",
            "google_dataproc_cluster.mydataproc"
          ]
        }
      ]
    },
    {
      "mode": "managed",
      "type": "google_dataproc_job",
      "name": "pyspark",
      "provider": "provider.google",
      "instances": [
        {
          "schema_version": 0,
          "attributes": {
            "driver_controls_files_uri": "gs://dataproc-staging-us-central1-384169466982-1d4dapdl/google-cloud-dataproc-metainfo/c751bc68-40e7-42bd-9bb8-5d4bd9deca7c/jobs/a747c655-94e9-40ac-a23d-94d05833e5fe/",
            "driver_output_resource_uri": "gs://dataproc-staging-us-central1-384169466982-1d4dapdl/google-cloud-dataproc-metainfo/c751bc68-40e7-42bd-9bb8-5d4bd9deca7c/jobs/a747c655-94e9-40ac-a23d-94d05833e5fe/driveroutput",
            "force_delete": true,
            "hadoop_config": [],
            "hive_config": [],
            "id": "projects/dataproc-274104/regions/us-central1/jobs/a747c655-94e9-40ac-a23d-94d05833e5fe",
            "labels": null,
            "pig_config": [],
            "placement": [
              {
                "cluster_name": "dataproc-test",
                "cluster_uuid": "c751bc68-40e7-42bd-9bb8-5d4bd9deca7c"
              }
            ],
            "project": "dataproc-274104",
            "pyspark_config": [
              {
                "archive_uris": null,
                "args": null,
                "file_uris": null,
                "jar_file_uris": null,
                "logging_config": [
                  {
                    "driver_log_levels": {}
                  }
                ],
                "main_python_file_uri": "gs://dataproc-examples-2f10d78d114f6aaec76462e3c310f31f/src/pyspark/hello-world/hello-world.py",
                "properties": {
                  "spark.executor.memory": "2800m",
                  "spark.logConf": "true"
                },
                "python_file_uris": null
              }
            ],
            "reference": [
              {
                "job_id": "a747c655-94e9-40ac-a23d-94d05833e5fe"
              }
            ],
            "region": "us-central1",
            "scheduling": [],
            "spark_config": [],
            "sparksql_config": [],
            "status": [
              {
                "details": "Google Cloud Dataproc Agent reports job failure. If logs are available, they can be found at 'https://console.cloud.google.com/dataproc/jobs/a747c655-94e9-40ac-a23d-94d05833e5fe?project=dataproc-274104\u0026region=us-central1' and in 'gs://dataproc-staging-us-central1-384169466982-1d4dapdl/google-cloud-dataproc-metainfo/c751bc68-40e7-42bd-9bb8-5d4bd9deca7c/jobs/a747c655-94e9-40ac-a23d-94d05833e5fe/driveroutput'.",
                "state": "ERROR",
                "state_start_time": "2020-05-05T02:46:53.395Z",
                "substate": ""
              }
            ],
            "timeouts": null
          },
          "private": "eyJlMmJmYjczMC1lY2FhLTExZTYtOGY4OC0zNDM2M2JjN2M0YzAiOnsiY3JlYXRlIjoxMjAwMDAwMDAwMDAwLCJkZWxldGUiOjEyMDAwMDAwMDAwMDB9fQ==",
          "dependencies": [
            "google_dataproc_autoscaling_policy.asp",
            "google_dataproc_cluster.mydataproc"
          ]
        }
      ]
    },
    {
      "mode": "managed",
      "type": "google_dataproc_job",
      "name": "spark",
      "provider": "provider.google",
      "instances": [
        {
          "schema_version": 0,
          "attributes": {
            "driver_controls_files_uri": "gs://dataproc-staging-us-central1-384169466982-1d4dapdl/google-cloud-dataproc-metainfo/c751bc68-40e7-42bd-9bb8-5d4bd9deca7c/jobs/a334bf3f-45a0-4379-a69c-08646a1a60a8/",
            "driver_output_resource_uri": "gs://dataproc-staging-us-central1-384169466982-1d4dapdl/google-cloud-dataproc-metainfo/c751bc68-40e7-42bd-9bb8-5d4bd9deca7c/jobs/a334bf3f-45a0-4379-a69c-08646a1a60a8/driveroutput",
            "force_delete": true,
            "hadoop_config": [],
            "hive_config": [],
            "id": "projects/dataproc-274104/regions/us-central1/jobs/a334bf3f-45a0-4379-a69c-08646a1a60a8",
            "labels": null,
            "pig_config": [],
            "placement": [
              {
                "cluster_name": "dataproc-test",
                "cluster_uuid": "c751bc68-40e7-42bd-9bb8-5d4bd9deca7c"
              }
            ],
            "project": "dataproc-274104",
            "pyspark_config": [],
            "reference": [
              {
                "job_id": "a334bf3f-45a0-4379-a69c-08646a1a60a8"
              }
            ],
            "region": "us-central1",
            "scheduling": [],
            "spark_config": [
              {
                "archive_uris": null,
                "args": [
                  "10000"
                ],
                "file_uris": null,
                "jar_file_uris": [
                  "file:///usr/lib/spark/examples/jars/spark-examples.jar"
                ],
                "logging_config": [
                  {
                    "driver_log_levels": {
                      "root": "INFO"
                    }
                  }
                ],
                "main_class": "org.apache.spark.examples.SparkPi",
                "main_jar_file_uri": "",
                "properties": {
                  "spark.executor.memory": "2600m",
                  "spark.logConf": "true"
                }
              }
            ],
            "sparksql_config": [],
            "status": [
              {
                "details": "",
                "state": "DONE",
                "state_start_time": "2020-05-05T02:49:09.400Z",
                "substate": ""
              }
            ],
            "timeouts": null
          },
          "private": "eyJlMmJmYjczMC1lY2FhLTExZTYtOGY4OC0zNDM2M2JjN2M0YzAiOnsiY3JlYXRlIjoxMjAwMDAwMDAwMDAwLCJkZWxldGUiOjEyMDAwMDAwMDAwMDB9fQ==",
          "dependencies": [
            "google_dataproc_autoscaling_policy.asp",
            "google_dataproc_cluster.mydataproc"
          ]
        }
      ]
    },
    {
      "mode": "managed",
      "type": "google_dataproc_job",
      "name": "sparksql",
      "provider": "provider.google",
      "instances": [
        {
          "schema_version": 0,
          "attributes": {
            "driver_controls_files_uri": "gs://dataproc-staging-us-central1-384169466982-1d4dapdl/google-cloud-dataproc-metainfo/c751bc68-40e7-42bd-9bb8-5d4bd9deca7c/jobs/cec5060c-69a2-4610-a4bd-550bed4c7caa/",
            "driver_output_resource_uri": "gs://dataproc-staging-us-central1-384169466982-1d4dapdl/google-cloud-dataproc-metainfo/c751bc68-40e7-42bd-9bb8-5d4bd9deca7c/jobs/cec5060c-69a2-4610-a4bd-550bed4c7caa/driveroutput",
            "force_delete": true,
            "hadoop_config": [],
            "hive_config": [],
            "id": "projects/dataproc-274104/regions/us-central1/jobs/cec5060c-69a2-4610-a4bd-550bed4c7caa",
            "labels": null,
            "pig_config": [],
            "placement": [
              {
                "cluster_name": "dataproc-test",
                "cluster_uuid": "c751bc68-40e7-42bd-9bb8-5d4bd9deca7c"
              }
            ],
            "project": "dataproc-274104",
            "pyspark_config": [],
            "reference": [
              {
                "job_id": "cec5060c-69a2-4610-a4bd-550bed4c7caa"
              }
            ],
            "region": "us-central1",
            "scheduling": [],
            "spark_config": [],
            "sparksql_config": [
              {
                "jar_file_uris": null,
                "logging_config": [],
                "properties": null,
                "query_file_uri": "",
                "query_list": [
                  "DROP TABLE IF EXISTS dprocjob_test",
                  "CREATE TABLE dprocjob_test(bar int)",
                  "SELECT * FROM dprocjob_test WHERE bar \u003e 2"
                ],
                "script_variables": null
              }
            ],
            "status": [
              {
                "details": "",
                "state": "DONE",
                "state_start_time": "2020-05-05T02:49:24.447Z",
                "substate": ""
              }
            ],
            "timeouts": null
          },
          "private": "eyJlMmJmYjczMC1lY2FhLTExZTYtOGY4OC0zNDM2M2JjN2M0YzAiOnsiY3JlYXRlIjoxMjAwMDAwMDAwMDAwLCJkZWxldGUiOjEyMDAwMDAwMDAwMDB9fQ==",
          "dependencies": [
            "google_dataproc_autoscaling_policy.asp",
            "google_dataproc_cluster.mydataproc"
          ]
        }
      ]
    },
    {
      "mode": "managed",
      "type": "google_project_service",
      "name": "compute_api",
      "provider": "provider.google",
      "instances": [
        {
          "schema_version": 0,
          "attributes": {
            "disable_dependent_services": null,
            "disable_on_destroy": false,
            "id": "dataproc-274104/compute.googleapis.com",
            "project": "dataproc-274104",
            "service": "compute.googleapis.com",
            "timeouts": null
          },
          "private": "eyJlMmJmYjczMC1lY2FhLTExZTYtOGY4OC0zNDM2M2JjN2M0YzAiOnsiY3JlYXRlIjoxMjAwMDAwMDAwMDAwLCJkZWxldGUiOjEyMDAwMDAwMDAwMDAsInJlYWQiOjYwMDAwMDAwMDAwMCwidXBkYXRlIjoxMjAwMDAwMDAwMDAwfX0="
        }
      ]
    },
    {
      "mode": "managed",
      "type": "google_project_service",
      "name": "iam_api",
      "provider": "provider.google",
      "instances": [
        {
          "schema_version": 0,
          "attributes": {
            "disable_dependent_services": null,
            "disable_on_destroy": false,
            "id": "dataproc-274104/iam.googleapis.com",
            "project": "dataproc-274104",
            "service": "iam.googleapis.com",
            "timeouts": null
          },
          "private": "eyJlMmJmYjczMC1lY2FhLTExZTYtOGY4OC0zNDM2M2JjN2M0YzAiOnsiY3JlYXRlIjoxMjAwMDAwMDAwMDAwLCJkZWxldGUiOjEyMDAwMDAwMDAwMDAsInJlYWQiOjYwMDAwMDAwMDAwMCwidXBkYXRlIjoxMjAwMDAwMDAwMDAwfX0="
        }
      ]
    },
    {
      "mode": "managed",
      "type": "google_project_service",
      "name": "oslogin_api",
      "provider": "provider.google",
      "instances": [
        {
          "schema_version": 0,
          "attributes": {
            "disable_dependent_services": null,
            "disable_on_destroy": false,
            "id": "dataproc-274104/oslogin.googleapis.com",
            "project": "dataproc-274104",
            "service": "oslogin.googleapis.com",
            "timeouts": null
          },
          "private": "eyJlMmJmYjczMC1lY2FhLTExZTYtOGY4OC0zNDM2M2JjN2M0YzAiOnsiY3JlYXRlIjoxMjAwMDAwMDAwMDAwLCJkZWxldGUiOjEyMDAwMDAwMDAwMDAsInJlYWQiOjYwMDAwMDAwMDAwMCwidXBkYXRlIjoxMjAwMDAwMDAwMDAwfX0="
        }
      ]
    },
    {
      "mode": "managed",
      "type": "random_id",
      "name": "instance_id",
      "provider": "provider.random",
      "instances": [
        {
          "schema_version": 0,
          "attributes": {
            "b64": "WwpiylCeJq8",
            "b64_std": "WwpiylCeJq8=",
            "b64_url": "WwpiylCeJq8",
            "byte_length": 8,
            "dec": "6560164428294006447",
            "hex": "5b0a62ca509e26af",
            "id": "WwpiylCeJq8",
            "keepers": null,
            "prefix": null
          },
          "private": "bnVsbA=="
        }
      ]
    }
  ]
}
