{
  "version": 4,
  "terraform_version": "0.12.24",
  "serial": 439,
  "lineage": "d4e04461-f96b-62fe-7412-03fe4575564b",
  "outputs": {
    "ip": {
      "value": "34.66.240.51",
      "type": "string"
    }
  },
  "resources": [
    {
      "mode": "managed",
      "type": "google_compute_firewall",
      "name": "firewall-externalssh",
      "provider": "provider.google",
      "instances": [
        {
          "schema_version": 1,
          "attributes": {
            "allow": [
              {
                "ports": [
                  "22"
                ],
                "protocol": "tcp"
              }
            ],
            "creation_timestamp": "2020-05-09T21:45:57.756-07:00",
            "deny": [],
            "description": "",
            "destination_ranges": [],
            "direction": "INGRESS",
            "disabled": false,
            "enable_logging": false,
            "id": "projects/postgresql-276510/global/firewalls/firewall-externalssh",
            "name": "firewall-externalssh",
            "network": "https://www.googleapis.com/compute/v1/projects/postgresql-276510/global/networks/default",
            "priority": 1000,
            "project": "postgresql-276510",
            "self_link": "https://www.googleapis.com/compute/v1/projects/postgresql-276510/global/firewalls/firewall-externalssh",
            "source_ranges": [
              "0.0.0.0/0"
            ],
            "source_service_accounts": null,
            "source_tags": null,
            "target_service_accounts": null,
            "target_tags": [
              "externalssh"
            ],
            "timeouts": null
          },
          "private": "eyJlMmJmYjczMC1lY2FhLTExZTYtOGY4OC0zNDM2M2JjN2M0YzAiOnsiY3JlYXRlIjoyNDAwMDAwMDAwMDAsImRlbGV0ZSI6MjQwMDAwMDAwMDAwLCJ1cGRhdGUiOjI0MDAwMDAwMDAwMH0sInNjaGVtYV92ZXJzaW9uIjoiMSJ9"
        }
      ]
    },
    {
      "mode": "managed",
      "type": "google_compute_instance",
      "name": "default",
      "provider": "provider.google",
      "instances": [
        {
          "schema_version": 6,
          "attributes": {
            "allow_stopping_for_update": null,
            "attached_disk": [],
            "boot_disk": [
              {
                "auto_delete": true,
                "device_name": "persistent-disk-0",
                "disk_encryption_key_raw": "",
                "disk_encryption_key_sha256": "",
                "initialize_params": [
                  {
                    "image": "https://www.googleapis.com/compute/v1/projects/gce-uefi-images/global/images/ubuntu-1804-bionic-v20200317",
                    "labels": {},
                    "size": 10,
                    "type": "pd-standard"
                  }
                ],
                "kms_key_self_link": "",
                "mode": "READ_WRITE",
                "source": "https://www.googleapis.com/compute/v1/projects/postgresql-276510/zones/us-central1-c/disks/postgresvm-7bbaaa8bcb3c1087"
              }
            ],
            "can_ip_forward": false,
            "cpu_platform": "Intel Haswell",
            "current_status": "RUNNING",
            "deletion_protection": false,
            "description": "",
            "desired_status": null,
            "enable_display": false,
            "guest_accelerator": [],
            "hostname": "",
            "id": "projects/postgresql-276510/zones/us-central1-c/instances/postgresvm-7bbaaa8bcb3c1087",
            "instance_id": "1915933240143264251",
            "label_fingerprint": "42WmSpB8rSM=",
            "labels": null,
            "machine_type": "n1-standard-1",
            "metadata": {
              "ssh-keys": "ubuntu:ssh-rsa AAAAB3NzaC1yc2EAAAADAQABAAABgQDUC+sLh2oQBfkqrWokBNkVvmHJGSjxYRwmu9OkUmXcoHSSqIyw1l1OTtoxGneq5Lbh+3wVuvtNfWKYxgkVTZBu0MjNs14HrHbgIG2d30olefRqgDbPNCZDrHYo/aSuZ0aA05xPsHIor9MFGJjkK2DhX+p9NWZDYQzh4dmgJFB+f5RtvyQIXphqbJpBk6DpHjUC2p9rLAI5TpsEUNN43moqZkCeM5C66I9UNPHB79nA9Fzzmf1qXclKdwC28X6il9X3VFKh4IKKBMffXLEDqtfCIvvGQ15KBGkk8peWkUBoYRJZB11hITgRDNVMAlL4lb70ILZ9YhWhHx4SO2X4xORGS0YD+J2NKyGkTZnTark8/47/gDInQNzDAUpjSiFHB5klrSYbC63OiVIotDRcxXDL2P3C+XnPVTN/eU1rdDVe5Qre75iux+pK1cMGCMsG/zP0Le3Km70bptTBJToz0gqSAcwVXjqFYPmM4cSIQXwGJ4ibruti9OrwXHcBvVbmGnU= krishnag\n"
            },
            "metadata_fingerprint": "m3-AeaQRe-Q=",
            "metadata_startup_script": "",
            "min_cpu_platform": "",
            "name": "postgresvm-7bbaaa8bcb3c1087",
            "network_interface": [
              {
                "access_config": [
                  {
                    "nat_ip": "34.66.240.51",
                    "network_tier": "PREMIUM",
                    "public_ptr_domain_name": ""
                  }
                ],
                "alias_ip_range": [],
                "name": "nic0",
                "network": "https://www.googleapis.com/compute/v1/projects/postgresql-276510/global/networks/default",
                "network_ip": "10.128.0.36",
                "subnetwork": "https://www.googleapis.com/compute/v1/projects/postgresql-276510/regions/us-central1/subnetworks/default",
                "subnetwork_project": "postgresql-276510"
              }
            ],
            "project": "postgresql-276510",
            "resource_policies": null,
            "scheduling": [
              {
                "automatic_restart": true,
                "node_affinities": [],
                "on_host_maintenance": "MIGRATE",
                "preemptible": false
              }
            ],
            "scratch_disk": [
              {
                "interface": "NVME"
              }
            ],
            "self_link": "https://www.googleapis.com/compute/v1/projects/postgresql-276510/zones/us-central1-c/instances/postgresvm-7bbaaa8bcb3c1087",
            "service_account": [],
            "shielded_instance_config": [
              {
                "enable_integrity_monitoring": true,
                "enable_secure_boot": false,
                "enable_vtpm": true
              }
            ],
            "tags": null,
            "tags_fingerprint": "42WmSpB8rSM=",
            "timeouts": null,
            "zone": "us-central1-c"
          },
          "private": "eyJlMmJmYjczMC1lY2FhLTExZTYtOGY4OC0zNDM2M2JjN2M0YzAiOnsiY3JlYXRlIjoxMjAwMDAwMDAwMDAwLCJkZWxldGUiOjEyMDAwMDAwMDAwMDAsInVwZGF0ZSI6MTIwMDAwMDAwMDAwMH0sInNjaGVtYV92ZXJzaW9uIjoiNiJ9",
          "dependencies": [
            "google_compute_firewall.firewall-externalssh",
            "random_id.instance_id"
          ]
        }
      ]
    },
    {
      "mode": "managed",
      "type": "google_project_service",
      "name": "compute_api",
      "provider": "provider.google",
      "instances": [
        {
          "schema_version": 0,
          "attributes": {
            "disable_dependent_services": null,
            "disable_on_destroy": false,
            "id": "postgresql-276510/compute.googleapis.com",
            "project": "postgresql-276510",
            "service": "compute.googleapis.com",
            "timeouts": null
          },
          "private": "eyJlMmJmYjczMC1lY2FhLTExZTYtOGY4OC0zNDM2M2JjN2M0YzAiOnsiY3JlYXRlIjoxMjAwMDAwMDAwMDAwLCJkZWxldGUiOjEyMDAwMDAwMDAwMDAsInJlYWQiOjYwMDAwMDAwMDAwMCwidXBkYXRlIjoxMjAwMDAwMDAwMDAwfX0="
        }
      ]
    },
    {
      "mode": "managed",
      "type": "google_project_service",
      "name": "iam_api",
      "provider": "provider.google",
      "instances": [
        {
          "schema_version": 0,
          "attributes": {
            "disable_dependent_services": null,
            "disable_on_destroy": false,
            "id": "postgresql-276510/iam.googleapis.com",
            "project": "postgresql-276510",
            "service": "iam.googleapis.com",
            "timeouts": null
          },
          "private": "eyJlMmJmYjczMC1lY2FhLTExZTYtOGY4OC0zNDM2M2JjN2M0YzAiOnsiY3JlYXRlIjoxMjAwMDAwMDAwMDAwLCJkZWxldGUiOjEyMDAwMDAwMDAwMDAsInJlYWQiOjYwMDAwMDAwMDAwMCwidXBkYXRlIjoxMjAwMDAwMDAwMDAwfX0="
        }
      ]
    },
    {
      "mode": "managed",
      "type": "google_project_service",
      "name": "oslogin_api",
      "provider": "provider.google",
      "instances": [
        {
          "schema_version": 0,
          "attributes": {
            "disable_dependent_services": null,
            "disable_on_destroy": false,
            "id": "postgresql-276510/oslogin.googleapis.com",
            "project": "postgresql-276510",
            "service": "oslogin.googleapis.com",
            "timeouts": null
          },
          "private": "eyJlMmJmYjczMC1lY2FhLTExZTYtOGY4OC0zNDM2M2JjN2M0YzAiOnsiY3JlYXRlIjoxMjAwMDAwMDAwMDAwLCJkZWxldGUiOjEyMDAwMDAwMDAwMDAsInJlYWQiOjYwMDAwMDAwMDAwMCwidXBkYXRlIjoxMjAwMDAwMDAwMDAwfX0="
        }
      ]
    },
    {
      "mode": "managed",
      "type": "random_id",
      "name": "instance_id",
      "provider": "provider.random",
      "instances": [
        {
          "schema_version": 0,
          "attributes": {
            "b64": "e7qqi8s8EIc",
            "b64_std": "e7qqi8s8EIc=",
            "b64_url": "e7qqi8s8EIc",
            "byte_length": 8,
            "dec": "8915625929720205447",
            "hex": "7bbaaa8bcb3c1087",
            "id": "e7qqi8s8EIc",
            "keepers": null,
            "prefix": null
          },
          "private": "bnVsbA=="
        }
      ]
    }
  ]
}
