{
  "version": 4,
  "terraform_version": "0.12.24",
  "serial": 23,
  "lineage": "a80116ca-1cb1-1f81-d841-1bdf8811efd8",
  "outputs": {},
  "resources": [
    {
      "mode": "managed",
      "type": "google_bigtable_instance",
      "name": "development-instance",
      "provider": "provider.google",
      "instances": [
        {
          "schema_version": 0,
          "attributes": {
            "cluster": [
              {
                "cluster_id": "bigtable-cluster",
                "num_nodes": 1,
                "storage_type": "HDD",
                "zone": "us-central1-b"
              }
            ],
            "display_name": "bigtable",
            "id": "projects/terraform-bigtable-1/instances/bigtable",
            "instance_type": "DEVELOPMENT",
            "name": "bigtable",
            "project": "terraform-bigtable-1"
          },
          "private": "bnVsbA=="
        }
      ]
    }
  ]
}
