{
  "version": 4,
  "terraform_version": "0.12.24",
  "serial": 21,
  "lineage": "828c4904-3a6b-8e33-d5ff-6973270199d7",
  "outputs": {},
  "resources": [
    {
      "mode": "managed",
      "type": "google_dataproc_cluster",
      "name": "cluster1",
      "provider": "provider.google",
      "instances": [
        {
          "schema_version": 0,
          "attributes": {
            "cluster_config": [
              {
                "autoscaling_config": [],
                "bucket": "dataproc-staging-us-central1-384169466982-1d4dapdl",
                "encryption_config": [],
                "gce_cluster_config": [
                  {
                    "internal_ip_only": false,
                    "metadata": null,
                    "network": "https://www.googleapis.com/compute/v1/projects/dataproc-274104/global/networks/default",
                    "service_account": "",
                    "service_account_scopes": [
                      "https://www.googleapis.com/auth/cloud.useraccounts.readonly",
                      "https://www.googleapis.com/auth/devstorage.read_write",
                      "https://www.googleapis.com/auth/logging.write",
                      "https://www.googleapis.com/auth/monitoring"
                    ],
                    "subnetwork": "",
                    "tags": [
                      "cluster",
                      "one-in-one"
                    ],
                    "zone": "us-central1-c"
                  }
                ],
                "initialization_action": [],
                "master_config": [
                  {
                    "accelerators": [],
                    "disk_config": [
                      {
                        "boot_disk_size_gb": 15,
                        "boot_disk_type": "pd-standard",
                        "num_local_ssds": 0
                      }
                    ],
                    "image_uri": "https://www.googleapis.com/compute/v1/projects/cloud-dataproc/global/images/dataproc-1-3-deb9-20180824-000000-rc02",
                    "instance_names": [
                      "dataproc-singlenode-m"
                    ],
                    "machine_type": "n1-standard-1",
                    "min_cpu_platform": "AUTOMATIC",
                    "num_instances": 1
                  }
                ],
                "preemptible_worker_config": [
                  {
                    "disk_config": [
                      {
                        "boot_disk_size_gb": null,
                        "boot_disk_type": null,
                        "num_local_ssds": null
                      }
                    ],
                    "instance_names": [],
                    "num_instances": 0
                  }
                ],
                "security_config": [],
                "software_config": [
                  {
                    "image_version": "1.3.7-deb9",
                    "optional_components": null,
                    "override_properties": {
                      "dataproc:dataproc.allow.zero.workers": "true"
                    },
                    "properties": {
                      "capacity-scheduler:yarn.scheduler.capacity.root.default.ordering-policy": "fair",
                      "core:fs.gs.block.size": "134217728",
                      "core:fs.gs.metadata.cache.enable": "false",
                      "core:hadoop.ssl.enabled.protocols": "TLSv1,TLSv1.1,TLSv1.2",
                      "dataproc:dataproc.allow.zero.workers": "true",
                      "distcp:mapreduce.map.java.opts": "-Xmx576m",
                      "distcp:mapreduce.map.memory.mb": "768",
                      "distcp:mapreduce.reduce.java.opts": "-Xmx576m",
                      "distcp:mapreduce.reduce.memory.mb": "768",
                      "hdfs:dfs.datanode.address": "0.0.0.0:9866",
                      "hdfs:dfs.datanode.http.address": "0.0.0.0:9864",
                      "hdfs:dfs.datanode.https.address": "0.0.0.0:9865",
                      "hdfs:dfs.datanode.ipc.address": "0.0.0.0:9867",
                      "hdfs:dfs.namenode.handler.count": "20",
                      "hdfs:dfs.namenode.http-address": "0.0.0.0:9870",
                      "hdfs:dfs.namenode.https-address": "0.0.0.0:9871",
                      "hdfs:dfs.namenode.lifeline.rpc-address": "dataproc-singlenode-m:8050",
                      "hdfs:dfs.namenode.secondary.http-address": "0.0.0.0:9868",
                      "hdfs:dfs.namenode.secondary.https-address": "0.0.0.0:9869",
                      "hdfs:dfs.namenode.service.handler.count": "10",
                      "hdfs:dfs.namenode.servicerpc-address": "dataproc-singlenode-m:8051",
                      "mapred-env:HADOOP_JOB_HISTORYSERVER_HEAPSIZE": "1000",
                      "mapred:mapreduce.job.maps": "6",
                      "mapred:mapreduce.job.reduce.slowstart.completedmaps": "0.95",
                      "mapred:mapreduce.job.reduces": "1",
                      "mapred:mapreduce.map.cpu.vcores": "1",
                      "mapred:mapreduce.map.java.opts": "-Xmx819m",
                      "mapred:mapreduce.map.memory.mb": "1024",
                      "mapred:mapreduce.reduce.cpu.vcores": "1",
                      "mapred:mapreduce.reduce.java.opts": "-Xmx1638m",
                      "mapred:mapreduce.reduce.memory.mb": "2048",
                      "mapred:mapreduce.task.io.sort.mb": "256",
                      "mapred:yarn.app.mapreduce.am.command-opts": "-Xmx819m",
                      "mapred:yarn.app.mapreduce.am.resource.cpu-vcores": "1",
                      "mapred:yarn.app.mapreduce.am.resource.mb": "1024",
                      "spark-env:SPARK_DAEMON_MEMORY": "1000m",
                      "spark:spark.driver.maxResultSize": "480m",
                      "spark:spark.driver.memory": "960m",
                      "spark:spark.executor.cores": "1",
                      "spark:spark.executor.instances": "2",
                      "spark:spark.executor.memory": "1664m",
                      "spark:spark.executorEnv.OPENBLAS_NUM_THREADS": "1",
                      "spark:spark.scheduler.mode": "FAIR",
                      "spark:spark.sql.cbo.enabled": "true",
                      "spark:spark.yarn.am.memory": "640m",
                      "yarn-env:YARN_NODEMANAGER_HEAPSIZE": "1000",
                      "yarn-env:YARN_RESOURCEMANAGER_HEAPSIZE": "1000",
                      "yarn-env:YARN_TIMELINESERVER_HEAPSIZE": "1000",
                      "yarn:yarn.nodemanager.resource.memory-mb": "3072",
                      "yarn:yarn.resourcemanager.nodemanager-graceful-decommission-timeout-secs": "86400",
                      "yarn:yarn.scheduler.maximum-allocation-mb": "3072",
                      "yarn:yarn.scheduler.minimum-allocation-mb": "256"
                    }
                  }
                ],
                "staging_bucket": "",
                "worker_config": [
                  {
                    "accelerators": [],
                    "disk_config": [
                      {
                        "boot_disk_size_gb": null,
                        "boot_disk_type": null,
                        "num_local_ssds": null
                      }
                    ],
                    "image_uri": "",
                    "instance_names": [],
                    "machine_type": "",
                    "min_cpu_platform": "",
                    "num_instances": 0
                  }
                ]
              }
            ],
            "id": "projects/dataproc-274104/regions/us-central1/clusters/dataproc-singlenode",
            "labels": {
              "cluster": "one-in-one",
              "goog-dataproc-cluster-name": "dataproc-singlenode",
              "goog-dataproc-cluster-uuid": "bd11d9a5-6207-4eb5-bcde-10e075a580f4",
              "goog-dataproc-location": "us-central1"
            },
            "name": "dataproc-singlenode",
            "project": "dataproc-274104",
            "region": "us-central1",
            "timeouts": null
          },
          "private": "eyJlMmJmYjczMC1lY2FhLTExZTYtOGY4OC0zNDM2M2JjN2M0YzAiOnsiY3JlYXRlIjoxMjAwMDAwMDAwMDAwLCJkZWxldGUiOjEyMDAwMDAwMDAwMDAsInVwZGF0ZSI6MTIwMDAwMDAwMDAwMH19"
        }
      ]
    }
  ]
}
